
Microsoft Visual Studio Solution File, Format Version 12.00
# Visual Studio Version 17
VisualStudioVersion = 17.5.33530.505
MinimumVisualStudioVersion = 10.0.40219.1
Project("{FAE04EC0-301F-11D3-BF4B-00C04F79EFBC}") = "ReginaCourseAppConsole", "ReginaCourseAppConsole\ReginaCourseAppConsole.csproj", "{DFBD1D0D-8F2A-4596-BBB1-ABC3084CEACB}"
EndProject
Global
	GlobalSection(SolutionConfigurationPlatforms) = preSolution
		Debug|Any CPU = Debug|Any CPU
		Release|Any CPU = Release|Any CPU
	EndGlobalSection
	GlobalSection(ProjectConfigurationPlatforms) = postSolution
		{DFBD1D0D-8F2A-4596-BBB1-ABC3084CEACB}.Debug|Any CPU.ActiveCfg = Debug|Any CPU
		{DFBD1D0D-8F2A-4596-BBB1-ABC3084CEACB}.Debug|Any CPU.Build.0 = Debug|Any CPU
		{DFBD1D0D-8F2A-4596-BBB1-ABC3084CEACB}.Release|Any CPU.ActiveCfg = Release|Any CPU
		{DFBD1D0D-8F2A-4596-BBB1-ABC3084CEACB}.Release|Any CPU.Build.0 = Release|Any CPU
	EndGlobalSection
	GlobalSection(SolutionProperties) = preSolution
		HideSolutionNode = FALSE
	EndGlobalSection
	GlobalSection(ExtensibilityGlobals) = postSolution
		SolutionGuid = {C2765F52-3CF1-4354-8338-E22536948E5D}
	EndGlobalSection
EndGlobal
